
Microsoft Visual Studio Solution File, Format Version 12.00
# Visual Studio Version 17
VisualStudioVersion = 17.14.36401.2
MinimumVisualStudioVersion = 10.0.40219.1
Project("{FAE04EC0-301F-11D3-BF4B-00C04F79EFBC}") = "Concesionaria.API", "Concesionaria.API\Concesionaria.API.csproj", "{2B1050B3-B774-4C92-8599-A718170A2866}"
EndProject
Project("{FAE04EC0-301F-11D3-BF4B-00C04F79EFBC}") = "Concesionaria.Admin", "Concesionaria.Admin\Concesionaria.Admin.csproj", "{D009F5D2-4C27-7B50-2165-CD42FC134D08}"
EndProject
Global
	GlobalSection(SolutionConfigurationPlatforms) = preSolution
		Debug|Any CPU = Debug|Any CPU
		Release|Any CPU = Release|Any CPU
	EndGlobalSection
	GlobalSection(ProjectConfigurationPlatforms) = postSolution
		{2B1050B3-B774-4C92-8599-A718170A2866}.Debug|Any CPU.ActiveCfg = Debug|Any CPU
		{2B1050B3-B774-4C92-8599-A718170A2866}.Debug|Any CPU.Build.0 = Debug|Any CPU
		{2B1050B3-B774-4C92-8599-A718170A2866}.Release|Any CPU.ActiveCfg = Release|Any CPU
		{2B1050B3-B774-4C92-8599-A718170A2866}.Release|Any CPU.Build.0 = Release|Any CPU
		{D009F5D2-4C27-7B50-2165-CD42FC134D08}.Debug|Any CPU.ActiveCfg = Debug|Any CPU
		{D009F5D2-4C27-7B50-2165-CD42FC134D08}.Debug|Any CPU.Build.0 = Debug|Any CPU
		{D009F5D2-4C27-7B50-2165-CD42FC134D08}.Release|Any CPU.ActiveCfg = Release|Any CPU
		{D009F5D2-4C27-7B50-2165-CD42FC134D08}.Release|Any CPU.Build.0 = Release|Any CPU
	EndGlobalSection
	GlobalSection(SolutionProperties) = preSolution
		HideSolutionNode = FALSE
	EndGlobalSection
	GlobalSection(ExtensibilityGlobals) = postSolution
		SolutionGuid = {143961BD-6058-4C39-9846-F7B8189F705A}
	EndGlobalSection
EndGlobal
